
Microsoft Visual Studio Solution File, Format Version 12.00
# Visual Studio Version 16
VisualStudioVersion = 16.0.31911.196
MinimumVisualStudioVersion = 10.0.40219.1
Project("{888888A0-9F3D-457C-B088-3A5042F75D52}") = "OpenCV_FE_Cali", "OpenCV_FE_Cali\OpenCV_FE_Cali.pyproj", "{F07A1FFE-A1DB-4515-8BA2-7371CE3F1860}"
EndProject
Global
	GlobalSection(SolutionConfigurationPlatforms) = preSolution
		Debug|Any CPU = Debug|Any CPU
		Release|Any CPU = Release|Any CPU
	EndGlobalSection
	GlobalSection(ProjectConfigurationPlatforms) = postSolution
		{F07A1FFE-A1DB-4515-8BA2-7371CE3F1860}.Debug|Any CPU.ActiveCfg = Debug|Any CPU
		{F07A1FFE-A1DB-4515-8BA2-7371CE3F1860}.Release|Any CPU.ActiveCfg = Release|Any CPU
	EndGlobalSection
	GlobalSection(SolutionProperties) = preSolution
		HideSolutionNode = FALSE
	EndGlobalSection
	GlobalSection(ExtensibilityGlobals) = postSolution
		SolutionGuid = {275B1A07-458D-4C88-8A19-87260D67C47D}
	EndGlobalSection
EndGlobal
